Microsoft Visual Studio Solution File, Format Version 11.00
# Visual Studio 2008

Project("{CD701B6F-B06D-4E42-4DA1-010F9BF86FE3}") = "Dungeon", "Assembly-CSharp-vs.csproj", "{601AD460-7921-7182-8F78-1F3B28419D18}"
EndProject
Project("{CD701B6F-B06D-4E42-4DA1-010F9BF86FE3}") = "Dungeon", "Assembly-CSharp-Editor-vs.csproj", "{50FFA192-B126-8894-F6A1-9F5E0FDAF63C}"
EndProject
Global
	GlobalSection(SolutionConfigurationPlatforms) = preSolution
		Debug|Any CPU = Debug|Any CPU
		Release|Any CPU = Release|Any CPU
	EndGlobalSection
	GlobalSection(ProjectConfigurationPlatforms) = postSolution
		{601AD460-7921-7182-8F78-1F3B28419D18}.Debug|Any CPU.ActiveCfg = Debug|Any CPU
		{601AD460-7921-7182-8F78-1F3B28419D18}.Debug|Any CPU.Build.0 = Debug|Any CPU
		{601AD460-7921-7182-8F78-1F3B28419D18}.Release|Any CPU.ActiveCfg = Release|Any CPU
		{601AD460-7921-7182-8F78-1F3B28419D18}.Release|Any CPU.Build.0 = Release|Any CPU
		{50FFA192-B126-8894-F6A1-9F5E0FDAF63C}.Debug|Any CPU.ActiveCfg = Debug|Any CPU
		{50FFA192-B126-8894-F6A1-9F5E0FDAF63C}.Debug|Any CPU.Build.0 = Debug|Any CPU
		{50FFA192-B126-8894-F6A1-9F5E0FDAF63C}.Release|Any CPU.ActiveCfg = Release|Any CPU
		{50FFA192-B126-8894-F6A1-9F5E0FDAF63C}.Release|Any CPU.Build.0 = Release|Any CPU
	EndGlobalSection
	GlobalSection(SolutionProperties) = preSolution
		HideSolutionNode = FALSE
	EndGlobalSection
																																																																					GlobalSection(MonoDevelopProperties) = preSolution
		StartupItem = Assembly-CSharp.csproj
		Policies = $0
		$0.TextStylePolicy = $1
		$1.inheritsSet = null
		$1.scope = text/x-csharp
		$0.CSharpFormattingPolicy = $2
		$2.inheritsSet = Mono
		$2.inheritsScope = text/x-csharp
		$2.scope = text/x-csharp
		$0.TextStylePolicy = $3
		$3.FileWidth = 120
		$3.TabWidth = 4
		$3.IndentWidth = 4
		$3.EolMarker = Unix
		$3.inheritsSet = Mono
		$3.inheritsScope = text/plain
		$3.scope = text/plain
	EndGlobalSection

EndGlobal
